
Microsoft Visual Studio Solution File, Format Version 12.00
# Visual Studio Version 17
VisualStudioVersion = 17.1.32414.318
MinimumVisualStudioVersion = 10.0.40219.1
Project("{9A19103F-16F7-4668-BE54-9A1E7A4F7556}") = "Movies.API", "Movies.API\Movies.API.csproj", "{053B074E-8AC0-4E38-A095-9432FD808A38}"
EndProject
Project("{9A19103F-16F7-4668-BE54-9A1E7A4F7556}") = "Movies.Data", "Movies.Data\Movies.Data.csproj", "{A8691DD2-2B17-4FD7-93F1-EECCBD127FBD}"
EndProject
Project("{9A19103F-16F7-4668-BE54-9A1E7A4F7556}") = "Movies.API.Test", "Movies.API.Test\Movies.API.Test.csproj", "{89CA5F90-8931-45D1-9C05-ED4CEC9C73D0}"
EndProject
Project("{9A19103F-16F7-4668-BE54-9A1E7A4F7556}") = "Movies.Driver.PostgreSQL", "Movies.Driver.PostgreSQL\Movies.Driver.PostgreSQL.csproj", "{563D1EC7-2842-4211-9E47-DF64B51989D6}"
EndProject
Project("{9A19103F-16F7-4668-BE54-9A1E7A4F7556}") = "Movies.Driver.SqlServer", "Movies.Driver.SqlServer\Movies.Driver.SqlServer.csproj", "{E6D03763-AA4A-42EB-BA49-EB590E7A2BA2}"
EndProject
Global
	GlobalSection(SolutionConfigurationPlatforms) = preSolution
		Debug|Any CPU = Debug|Any CPU
		Release|Any CPU = Release|Any CPU
	EndGlobalSection
	GlobalSection(ProjectConfigurationPlatforms) = postSolution
		{053B074E-8AC0-4E38-A095-9432FD808A38}.Debug|Any CPU.ActiveCfg = Debug|Any CPU
		{053B074E-8AC0-4E38-A095-9432FD808A38}.Debug|Any CPU.Build.0 = Debug|Any CPU
		{053B074E-8AC0-4E38-A095-9432FD808A38}.Release|Any CPU.ActiveCfg = Release|Any CPU
		{053B074E-8AC0-4E38-A095-9432FD808A38}.Release|Any CPU.Build.0 = Release|Any CPU
		{A8691DD2-2B17-4FD7-93F1-EECCBD127FBD}.Debug|Any CPU.ActiveCfg = Debug|Any CPU
		{A8691DD2-2B17-4FD7-93F1-EECCBD127FBD}.Debug|Any CPU.Build.0 = Debug|Any CPU
		{A8691DD2-2B17-4FD7-93F1-EECCBD127FBD}.Release|Any CPU.ActiveCfg = Release|Any CPU
		{A8691DD2-2B17-4FD7-93F1-EECCBD127FBD}.Release|Any CPU.Build.0 = Release|Any CPU
		{89CA5F90-8931-45D1-9C05-ED4CEC9C73D0}.Debug|Any CPU.ActiveCfg = Debug|Any CPU
		{89CA5F90-8931-45D1-9C05-ED4CEC9C73D0}.Debug|Any CPU.Build.0 = Debug|Any CPU
		{89CA5F90-8931-45D1-9C05-ED4CEC9C73D0}.Release|Any CPU.ActiveCfg = Release|Any CPU
		{89CA5F90-8931-45D1-9C05-ED4CEC9C73D0}.Release|Any CPU.Build.0 = Release|Any CPU
		{563D1EC7-2842-4211-9E47-DF64B51989D6}.Debug|Any CPU.ActiveCfg = Debug|Any CPU
		{563D1EC7-2842-4211-9E47-DF64B51989D6}.Debug|Any CPU.Build.0 = Debug|Any CPU
		{563D1EC7-2842-4211-9E47-DF64B51989D6}.Release|Any CPU.ActiveCfg = Release|Any CPU
		{563D1EC7-2842-4211-9E47-DF64B51989D6}.Release|Any CPU.Build.0 = Release|Any CPU
		{E6D03763-AA4A-42EB-BA49-EB590E7A2BA2}.Debug|Any CPU.ActiveCfg = Debug|Any CPU
		{E6D03763-AA4A-42EB-BA49-EB590E7A2BA2}.Debug|Any CPU.Build.0 = Debug|Any CPU
		{E6D03763-AA4A-42EB-BA49-EB590E7A2BA2}.Release|Any CPU.ActiveCfg = Release|Any CPU
		{E6D03763-AA4A-42EB-BA49-EB590E7A2BA2}.Release|Any CPU.Build.0 = Release|Any CPU
	EndGlobalSection
	GlobalSection(SolutionProperties) = preSolution
		HideSolutionNode = FALSE
	EndGlobalSection
	GlobalSection(ExtensibilityGlobals) = postSolution
		SolutionGuid = {4A4A4650-811D-445A-9503-0146582F0981}
	EndGlobalSection
EndGlobal
